
Microsoft Visual Studio Solution File, Format Version 12.00
# Visual Studio Version 18
VisualStudioVersion = 18.3.11222.16 d18.3
MinimumVisualStudioVersion = 10.0.40219.1
Project("{FAE04EC0-301F-11D3-BF4B-00C04F79EFBC}") = "Blazor.Markdown", "Blazor.Markdown.csproj", "{D546DE32-E3E3-61EA-0AFF-77B8B00595D3}"
EndProject
Global
	GlobalSection(SolutionConfigurationPlatforms) = preSolution
		Debug|Any CPU = Debug|Any CPU
		Release|Any CPU = Release|Any CPU
	EndGlobalSection
	GlobalSection(ProjectConfigurationPlatforms) = postSolution
		{D546DE32-E3E3-61EA-0AFF-77B8B00595D3}.Debug|Any CPU.ActiveCfg = Debug|Any CPU
		{D546DE32-E3E3-61EA-0AFF-77B8B00595D3}.Debug|Any CPU.Build.0 = Debug|Any CPU
		{D546DE32-E3E3-61EA-0AFF-77B8B00595D3}.Release|Any CPU.ActiveCfg = Release|Any CPU
		{D546DE32-E3E3-61EA-0AFF-77B8B00595D3}.Release|Any CPU.Build.0 = Release|Any CPU
	EndGlobalSection
	GlobalSection(SolutionProperties) = preSolution
		HideSolutionNode = FALSE
	EndGlobalSection
	GlobalSection(ExtensibilityGlobals) = postSolution
		SolutionGuid = {3C3457EE-E316-4EBC-AEBE-71BE6850DED9}
	EndGlobalSection
EndGlobal
